{
  "name": "opensight",
  "version": "0.0.0",
  "lockfileVersion": 3,
  "requires": true,
  "packages": {
    "": {
      "name": "opensight",
      "version": "0.0.0",
      "license": "Apache-2.0",
      "workspaces": [
        "packages/*"
      ],
      "engines": {
        "node": ">=24"
      }
    },
    "node_modules/@duckdb/node-api": {
      "version": "1.5.5-r.5",
      "resolved": "https://registry.npmjs.org/@duckdb/node-api/-/node-api-1.5.5-r.5.tgz",
      "integrity": "sha512-ZMX+sel3DjSKbGuQ44Y5Tp5LwYjlJkhB5faKr+9sSMcxixDMSW+8vaTOD1uRDuN9o0udUoCY/XX9PI1haEZuZg==",
      "license": "MIT",
      "dependencies": {
        "@duckdb/node-bindings": "1.5.5-r.5"
      }
    },
    "node_modules/@duckdb/node-bindings": {
      "version": "1.5.5-r.5",
      "resolved": "https://registry.npmjs.org/@duckdb/node-bindings/-/node-bindings-1.5.5-r.5.tgz",
      "integrity": "sha512-sR7x91TfBunLqLbdvrcdiPCU+VGEQFPicxh1STZM402fuHW2ituPTAo2bY3IlntsvJShltrKF4R6B+JYPlAPZg==",
      "license": "MIT",
      "dependencies": {
        "detect-libc": "^2.1.2"
      },
      "optionalDependencies": {
        "@duckdb/node-bindings-darwin-arm64": "1.5.5-r.5",
        "@duckdb/node-bindings-darwin-x64": "1.5.5-r.5",
        "@duckdb/node-bindings-linux-arm64": "1.5.5-r.5",
        "@duckdb/node-bindings-linux-arm64-musl": "1.5.5-r.5",
        "@duckdb/node-bindings-linux-x64": "1.5.5-r.5",
        "@duckdb/node-bindings-linux-x64-musl": "1.5.5-r.5",
        "@duckdb/node-bindings-win32-arm64": "1.5.5-r.5",
        "@duckdb/node-bindings-win32-x64": "1.5.5-r.5"
      }
    },
    "node_modules/@duckdb/node-bindings-darwin-arm64": {
      "version": "1.5.5-r.5",
      "resolved": "https://registry.npmjs.org/@duckdb/node-bindings-darwin-arm64/-/node-bindings-darwin-arm64-1.5.5-r.5.tgz",
      "integrity": "sha512-WJdeLTFy4pRg60rkbp9smtlP1iIQ8ErtIJkxS+2LQtM1ZZMSByyW+3WPpNoKe7IwPtVl2fLlPw7tDmQW4Z974g==",
      "cpu": [
        "arm64"
      ],
      "license": "MIT",
      "optional": true,
      "os": [
        "darwin"
      ]
    },
    "node_modules/@duckdb/node-bindings-darwin-x64": {
      "version": "1.5.5-r.5",
      "resolved": "https://registry.npmjs.org/@duckdb/node-bindings-darwin-x64/-/node-bindings-darwin-x64-1.5.5-r.5.tgz",
      "integrity": "sha512-rN0KjX13MwVQ5V5ufykolty/tf4SaafOpGWcUA1Cegf98jPeRdsJsEE1IMXn8n3u6WvMSZEVJmHJ3ma4Hr7Vzg==",
      "cpu": [
        "x64"
      ],
      "license": "MIT",
      "optional": true,
      "os": [
        "darwin"
      ]
    },
    "node_modules/@duckdb/node-bindings-linux-arm64": {
      "version": "1.5.5-r.5",
      "resolved": "https://registry.npmjs.org/@duckdb/node-bindings-linux-arm64/-/node-bindings-linux-arm64-1.5.5-r.5.tgz",
      "integrity": "sha512-CafH2AIvXtpwDynG3KB/4uEOHRGlFoB7auCRMIwH3BKNIobsANV5LSpDJ3tfyRCFIsK6e8AT1eseWVnu2Dv3cw==",
      "cpu": [
        "arm64"
      ],
      "license": "MIT",
      "optional": true,
      "os": [
        "linux"
      ]
    },
    "node_modules/@duckdb/node-bindings-linux-arm64-musl": {
      "version": "1.5.5-r.5",
      "resolved": "https://registry.npmjs.org/@duckdb/node-bindings-linux-arm64-musl/-/node-bindings-linux-arm64-musl-1.5.5-r.5.tgz",
      "integrity": "sha512-00z3mYHUBAucp3L73EoftKDdaGOaV8ENELejiT+PK7dFjTzdXxqhJwZ1LaQV1/zEhIecz+x23f6WvFhWw+7XXQ==",
      "cpu": [
        "arm64"
      ],
      "license": "MIT",
      "optional": true,
      "os": [
        "linux"
      ]
    },
    "node_modules/@duckdb/node-bindings-linux-x64": {
      "version": "1.5.5-r.5",
      "resolved": "https://registry.npmjs.org/@duckdb/node-bindings-linux-x64/-/node-bindings-linux-x64-1.5.5-r.5.tgz",
      "integrity": "sha512-kCyq6BXhn6QXfwF8yVdVKriSSHP+rfVWcJ56cG8qZzlOZpxyvT5WGm6jMshxg4ditLlOsHsIN/D47RYrcjXuHQ==",
      "cpu": [
        "x64"
      ],
      "license": "MIT",
      "optional": true,
      "os": [
        "linux"
      ]
    },
    "node_modules/@duckdb/node-bindings-linux-x64-musl": {
      "version": "1.5.5-r.5",
      "resolved": "https://registry.npmjs.org/@duckdb/node-bindings-linux-x64-musl/-/node-bindings-linux-x64-musl-1.5.5-r.5.tgz",
      "integrity": "sha512-S5qEc7F+GjXt85T2xArjjvN5oc/IjtH6zsLJsuo8N3fQolheBCefemIMdZoK2Jik8a0sBxidiS6Ld4qprMPPDw==",
      "cpu": [
        "x64"
      ],
      "license": "MIT",
      "optional": true,
      "os": [
        "linux"
      ]
    },
    "node_modules/@duckdb/node-bindings-win32-arm64": {
      "version": "1.5.5-r.5",
      "resolved": "https://registry.npmjs.org/@duckdb/node-bindings-win32-arm64/-/node-bindings-win32-arm64-1.5.5-r.5.tgz",
      "integrity": "sha512-L3Mroc23xhqOowWVElni8LgEmsm5e9DdG1y2pLka/1ug3Pl2vpQMl1Phxwz4UEMF8DOBbMgN5BBNrYwG2BFo+g==",
      "cpu": [
        "arm64"
      ],
      "license": "MIT",
      "optional": true,
      "os": [
        "win32"
      ]
    },
    "node_modules/@duckdb/node-bindings-win32-x64": {
      "version": "1.5.5-r.5",
      "resolved": "https://registry.npmjs.org/@duckdb/node-bindings-win32-x64/-/node-bindings-win32-x64-1.5.5-r.5.tgz",
      "integrity": "sha512-mBGFn8netT/AAhK4TOG6Fw47+Db68CxCVtQ9qfxZc1kZAjds+aYrh17Fd/u5CbTDdxILsrcyuF8q9cUcm54kQA==",
      "cpu": [
        "x64"
      ],
      "license": "MIT",
      "optional": true,
      "os": [
        "win32"
      ]
    },
    "node_modules/@opensight/bundle-parser": {
      "resolved": "packages/bundle-parser",
      "link": true
    },
    "node_modules/@opensight/query-engine": {
      "resolved": "packages/query-engine",
      "link": true
    },
    "node_modules/@types/node": {
      "version": "26.6.3",
      "resolved": "https://registry.npmjs.org/@types/node/-/node-26.6.3.tgz",
      "integrity": "sha512-dsqMQQoeTLqu9wynDD00q573mNzso3IdQOAfHRJqLCcmCFPoGo9A1bDpUcv/9tnKpErQWv9uKeGfl37EIS02Yg==",
      "dev": true,
      "license": "MIT",
      "dependencies": {
        "undici-types": "~8.9.0"
      }
    },
    "node_modules/@types/yauzl": {
      "version": "3.4.0",
      "resolved": "https://registry.npmjs.org/@types/yauzl/-/yauzl-3.4.0.tgz",
      "integrity": "sha512-NRPn5w6h8dhcnmx3YIRQcqMywY/+nND/uOkJessedcrowO3C0AssHp3tMJpxKAwOhFOo0OV1y9VtsC5hbKKBAw==",
      "dev": true,
      "license": "MIT",
      "dependencies": {
        "@types/node": "*"
      }
    },
    "node_modules/detect-libc": {
      "version": "2.1.2",
      "resolved": "https://registry.npmjs.org/detect-libc/-/detect-libc-2.1.2.tgz",
      "integrity": "sha512-Btj2BOOO83o3WyH59e8MgXsxEQVcarkUOpEYrubB0urwnN10yQ364rsiByU11nZlqWYZm05i/of7io4mzihBtQ==",
      "license": "Apache-2.0",
      "engines": {
        "node": ">=8"
      }
    },
    "node_modules/fflate": {
      "version": "0.8.3",
      "resolved": "https://registry.npmjs.org/fflate/-/fflate-0.8.3.tgz",
      "integrity": "sha512-tbZNuJrLwGUp3zshBtdy4W+ORxZuIh8a5ilyIEQDC5rY1f3U20JMry0Ll3WBzU58EZKsEuJFXhb5gwv8CsPvgA==",
      "dev": true,
      "license": "MIT"
    },
    "node_modules/pend": {
      "version": "1.2.0",
      "resolved": "https://registry.npmjs.org/pend/-/pend-1.2.0.tgz",
      "integrity": "sha512-F3asv42UuXchdzt+xXqfW1OGlVBe+mxa2mqI0pg5yAHZPvFmY3Y6drSf/GQ1A86WgWEN9Kzh/WrgKa6iGcHXLg==",
      "license": "MIT"
    },
    "node_modules/typescript": {
      "version": "5.9.3",
      "resolved": "https://registry.npmjs.org/typescript/-/typescript-5.9.3.tgz",
      "integrity": "sha512-jl1vZzPDinLr9eUt3J/t7V6FgNEw9QjvBPdysz9KfQDD41fQrC2Y4vKQdiaUpFT4bXlb1RHhLpp8wtm6M5TgSw==",
      "dev": true,
      "license": "Apache-2.0",
      "bin": {
        "tsc": "bin/tsc",
        "tsserver": "bin/tsserver"
      },
      "engines": {
        "node": ">=14.17"
      }
    },
    "node_modules/undici-types": {
      "version": "8.9.0",
      "resolved": "https://registry.npmjs.org/undici-types/-/undici-types-8.9.0.tgz",
      "integrity": "sha512-KTDyRTYX8sWmKXAikPHHSyc63CRPETMctyjKFupcC6OBLXT3xsN0e9aF7m+mIXutFWpUXuedtowG7iLOzp0kQg==",
      "dev": true,
      "license": "MIT"
    },
    "node_modules/yauzl": {
      "version": "3.4.0",
      "resolved": "https://registry.npmjs.org/yauzl/-/yauzl-3.4.0.tgz",
      "integrity": "sha512-jIH9yLR9wqr0wOS0TpBvo/g/2UgZH5qePVbjgRliiF0BYvOZyaBknKsF+x9Iht0O6sqgnB93rCICdOZFecJuDw==",
      "license": "MIT",
      "dependencies": {
        "pend": "~1.2.0"
      },
      "engines": {
        "node": ">=12"
      }
    },
    "packages/bundle-parser": {
      "name": "@opensight/bundle-parser",
      "version": "0.0.0",
      "license": "Apache-2.0",
      "dependencies": {
        "yauzl": "3.4.0"
      },
      "devDependencies": {
        "@types/node": "^26.6.3",
        "@types/yauzl": "3.4.0",
        "fflate": "0.8.3",
        "typescript": "^5.6.0"
      }
    },
    "packages/query-engine": {
      "name": "@opensight/query-engine",
      "version": "0.0.0",
      "license": "Apache-2.0",
      "dependencies": {
        "@duckdb/node-api": "1.5.5-r.5"
      },
      "devDependencies": {
        "@types/node": "^26.6.3",
        "typescript": "^5.6.0"
      }
    }
  }
}
